# This file was autogenerated by uv via the following command:
#    uv pip compile pyproject.toml --extra dev -o requirements.lock
annotated-doc==0.0.4
    # via typer
annotated-types==0.7.0
    # via pydantic
anyio==4.13.0
    # via
    #   httpx
    #   jupyter-server
argon2-cffi==25.1.0
    # via jupyter-server
argon2-cffi-bindings==25.1.0
    # via argon2-cffi
arrow==1.4.0
    # via isoduration
asttokens==3.0.1
    # via stack-data
async-lru==2.3.0
    # via jupyterlab
attrs==26.1.0
    # via
    #   jsonschema
    #   referencing
babel==2.18.0
    # via jupyterlab-server
beautifulsoup4==4.14.3
    # via nbconvert
bleach==6.3.0
    # via nbconvert
certifi==2026.2.25
    # via
    #   httpcore
    #   httpx
    #   requests
    #   sentry-sdk
cffi==2.0.0
    # via argon2-cffi-bindings
cfgv==3.5.0
    # via pre-commit
charset-normalizer==3.4.7
    # via requests
click==8.3.2
    # via
    #   typer
    #   wandb
comm==0.2.3
    # via
    #   ipykernel
    #   ipywidgets
contourpy==1.3.3
    # via matplotlib
coverage==7.13.5
    # via pytest-cov
cuda-bindings==13.2.0
    # via torch
cuda-pathfinder==1.5.3
    # via cuda-bindings
cuda-toolkit==13.0.2
    # via torch
cycler==0.12.1
    # via matplotlib
debugpy==1.8.20
    # via ipykernel
decorator==5.2.1
    # via ipython
defusedxml==0.7.1
    # via nbconvert
distlib==0.4.0
    # via virtualenv
executing==2.2.1
    # via stack-data
fastjsonschema==2.21.2
    # via nbformat
filelock==3.28.0
    # via
    #   huggingface-hub
    #   python-discovery
    #   torch
    #   virtualenv
flatbuffers==25.12.19
    # via onnxruntime
fonttools==4.62.1
    # via matplotlib
fqdn==1.5.1
    # via jsonschema
fsspec==2026.3.0
    # via
    #   huggingface-hub
    #   torch
gitdb==4.0.12
    # via gitpython
gitpython==3.1.46
    # via wandb
h11==0.16.0
    # via httpcore
hf-xet==1.4.3
    # via huggingface-hub
httpcore==1.0.9
    # via httpx
httpx==0.28.1
    # via
    #   huggingface-hub
    #   jupyterlab
huggingface-hub==1.11.0
    # via
    #   tokenizers
    #   transformers
identify==2.6.19
    # via pre-commit
idna==3.11
    # via
    #   anyio
    #   httpx
    #   jsonschema
    #   requests
iniconfig==2.3.0
    # via pytest
ipykernel==7.2.0
    # via
    #   jupyter
    #   jupyter-console
    #   jupyterlab
ipython==9.12.0
    # via
    #   ipykernel
    #   ipywidgets
    #   jupyter-console
ipython-pygments-lexers==1.1.1
    # via ipython
ipywidgets==8.1.8
    # via jupyter
isoduration==20.11.0
    # via jsonschema
jedi==0.19.2
    # via ipython
jinja2==3.1.6
    # via
    #   jupyter-server
    #   jupyterlab
    #   jupyterlab-server
    #   nbconvert
    #   torch
joblib==1.5.3
    # via scikit-learn
json5==0.14.0
    # via jupyterlab-server
jsonpointer==3.1.1
    # via jsonschema
jsonschema==4.26.0
    # via
    #   jupyter-events
    #   jupyterlab-server
    #   nbformat
jsonschema-specifications==2025.9.1
    # via jsonschema
jupyter==1.1.1
    # via animal-id (pyproject.toml)
jupyter-client==8.8.0
    # via
    #   ipykernel
    #   jupyter-console
    #   jupyter-server
    #   nbclient
jupyter-console==6.6.3
    # via jupyter
jupyter-core==5.9.1
    # via
    #   ipykernel
    #   jupyter-client
    #   jupyter-console
    #   jupyter-server
    #   jupyterlab
    #   nbclient
    #   nbconvert
    #   nbformat
jupyter-events==0.12.0
    # via jupyter-server
jupyter-lsp==2.3.1
    # via jupyterlab
jupyter-server==2.17.0
    # via
    #   jupyter-lsp
    #   jupyterlab
    #   jupyterlab-server
    #   notebook
    #   notebook-shim
jupyter-server-terminals==0.5.4
    # via jupyter-server
jupyterlab==4.5.6
    # via
    #   jupyter
    #   notebook
jupyterlab-pygments==0.3.0
    # via nbconvert
jupyterlab-server==2.28.0
    # via
    #   jupyterlab
    #   notebook
jupyterlab-widgets==3.0.16
    # via ipywidgets
kiwisolver==1.5.0
    # via matplotlib
lark==1.3.1
    # via rfc3987-syntax
markdown-it-py==4.0.0
    # via rich
markupsafe==3.0.3
    # via
    #   jinja2
    #   nbconvert
matplotlib==3.10.8
    # via
    #   animal-id (pyproject.toml)
    #   ultralytics
matplotlib-inline==0.2.1
    # via
    #   ipykernel
    #   ipython
mdurl==0.1.2
    # via markdown-it-py
mistune==3.2.0
    # via nbconvert
mpmath==1.3.0
    # via sympy
nbclient==0.10.4
    # via nbconvert
nbconvert==7.17.1
    # via
    #   jupyter
    #   jupyter-server
nbformat==5.10.4
    # via
    #   jupyter-server
    #   nbclient
    #   nbconvert
nest-asyncio==1.6.0
    # via ipykernel
networkx==3.6.1
    # via torch
nodeenv==1.10.0
    # via pre-commit
notebook==7.5.5
    # via jupyter
notebook-shim==0.2.4
    # via
    #   jupyterlab
    #   notebook
numpy==2.4.4
    # via
    #   animal-id (pyproject.toml)
    #   contourpy
    #   matplotlib
    #   onnxruntime
    #   opencv-python
    #   scikit-learn
    #   scipy
    #   torchvision
    #   transformers
    #   ultralytics
    #   ultralytics-thop
nvidia-cublas==13.1.0.3
    # via
    #   cuda-toolkit
    #   nvidia-cudnn-cu13
    #   nvidia-cusolver
nvidia-cuda-cupti==13.0.85
    # via cuda-toolkit
nvidia-cuda-nvrtc==13.0.88
    # via cuda-toolkit
nvidia-cuda-runtime==13.0.96
    # via cuda-toolkit
nvidia-cudnn-cu13==9.19.0.56
    # via torch
nvidia-cufft==12.0.0.61
    # via cuda-toolkit
nvidia-cufile==1.15.1.6
    # via cuda-toolkit
nvidia-curand==10.4.0.35
    # via cuda-toolkit
nvidia-cusolver==12.0.4.66
    # via cuda-toolkit
nvidia-cusparse==12.6.3.3
    # via
    #   cuda-toolkit
    #   nvidia-cusolver
nvidia-cusparselt-cu13==0.8.0
    # via torch
nvidia-nccl-cu13==2.28.9
    # via torch
nvidia-nvjitlink==13.0.88
    # via
    #   cuda-toolkit
    #   nvidia-cufft
    #   nvidia-cusolver
    #   nvidia-cusparse
nvidia-nvshmem-cu13==3.4.5
    # via torch
nvidia-nvtx==13.0.85
    # via cuda-toolkit
onnxruntime==1.24.4
    # via animal-id (pyproject.toml)
opencv-python==4.13.0.92
    # via
    #   animal-id (pyproject.toml)
    #   ultralytics
packaging==26.1
    # via
    #   huggingface-hub
    #   ipykernel
    #   jupyter-events
    #   jupyter-server
    #   jupyterlab
    #   jupyterlab-server
    #   matplotlib
    #   nbconvert
    #   onnxruntime
    #   pytest
    #   transformers
    #   wandb
pandocfilters==1.5.1
    # via nbconvert
parso==0.8.6
    # via jedi
pathlib2==2.3.7.post1
    # via animal-id (pyproject.toml)
pexpect==4.9.0
    # via ipython
pillow==12.2.0
    # via
    #   animal-id (pyproject.toml)
    #   matplotlib
    #   torchvision
    #   ultralytics
platformdirs==4.9.6
    # via
    #   jupyter-core
    #   python-discovery
    #   virtualenv
    #   wandb
pluggy==1.6.0
    # via
    #   pytest
    #   pytest-cov
polars==1.39.3
    # via ultralytics
polars-runtime-32==1.39.3
    # via polars
pre-commit==4.5.1
    # via animal-id (pyproject.toml)
prometheus-client==0.25.0
    # via jupyter-server
prompt-toolkit==3.0.52
    # via
    #   ipython
    #   jupyter-console
protobuf==7.34.1
    # via
    #   onnxruntime
    #   wandb
psutil==7.2.2
    # via
    #   ipykernel
    #   ultralytics
ptyprocess==0.7.0
    # via
    #   pexpect
    #   terminado
pure-eval==0.2.3
    # via stack-data
pycparser==3.0
    # via cffi
pydantic==2.13.2
    # via wandb
pydantic-core==2.46.2
    # via pydantic
pygments==2.20.0
    # via
    #   ipython
    #   ipython-pygments-lexers
    #   jupyter-console
    #   nbconvert
    #   pytest
    #   rich
pyparsing==3.3.2
    # via matplotlib
pytest==9.0.3
    # via
    #   animal-id (pyproject.toml)
    #   pytest-cov
pytest-cov==7.1.0
    # via animal-id (pyproject.toml)
python-dateutil==2.9.0.post0
    # via
    #   arrow
    #   jupyter-client
    #   matplotlib
python-discovery==1.2.2
    # via virtualenv
python-json-logger==4.1.0
    # via jupyter-events
pyyaml==6.0.3
    # via
    #   huggingface-hub
    #   jupyter-events
    #   pre-commit
    #   transformers
    #   ultralytics
    #   wandb
pyzmq==27.1.0
    # via
    #   ipykernel
    #   jupyter-client
    #   jupyter-console
    #   jupyter-server
referencing==0.37.0
    # via
    #   jsonschema
    #   jsonschema-specifications
    #   jupyter-events
regex==2026.4.4
    # via transformers
requests==2.33.1
    # via
    #   animal-id (pyproject.toml)
    #   jupyterlab-server
    #   ultralytics
    #   wandb
rfc3339-validator==0.1.4
    # via
    #   jsonschema
    #   jupyter-events
rfc3986-validator==0.1.1
    # via
    #   jsonschema
    #   jupyter-events
rfc3987-syntax==1.1.0
    # via jsonschema
rich==15.0.0
    # via typer
rpds-py==0.30.0
    # via
    #   jsonschema
    #   referencing
ruff==0.15.11
    # via animal-id (pyproject.toml)
safetensors==0.7.0
    # via transformers
scikit-learn==1.8.0
    # via animal-id (pyproject.toml)
scipy==1.17.1
    # via
    #   animal-id (pyproject.toml)
    #   scikit-learn
    #   ultralytics
send2trash==2.1.0
    # via jupyter-server
sentry-sdk==2.58.0
    # via wandb
setuptools==81.0.0
    # via
    #   jupyterlab
    #   torch
shellingham==1.5.4
    # via typer
six==1.17.0
    # via
    #   pathlib2
    #   python-dateutil
    #   rfc3339-validator
smmap==5.0.3
    # via gitdb
soupsieve==2.8.3
    # via beautifulsoup4
stack-data==0.6.3
    # via ipython
sympy==1.14.0
    # via
    #   onnxruntime
    #   torch
terminado==0.18.1
    # via
    #   jupyter-server
    #   jupyter-server-terminals
threadpoolctl==3.6.0
    # via scikit-learn
tinycss2==1.4.0
    # via bleach
tokenizers==0.22.2
    # via transformers
torch==2.11.0
    # via
    #   animal-id (pyproject.toml)
    #   torchvision
    #   ultralytics
    #   ultralytics-thop
torchvision==0.26.0
    # via
    #   animal-id (pyproject.toml)
    #   ultralytics
tornado==6.5.5
    # via
    #   ipykernel
    #   jupyter-client
    #   jupyter-server
    #   jupyterlab
    #   notebook
    #   terminado
tqdm==4.67.3
    # via
    #   animal-id (pyproject.toml)
    #   huggingface-hub
    #   transformers
traitlets==5.14.3
    # via
    #   ipykernel
    #   ipython
    #   ipywidgets
    #   jupyter-client
    #   jupyter-console
    #   jupyter-core
    #   jupyter-events
    #   jupyter-server
    #   jupyterlab
    #   matplotlib-inline
    #   nbclient
    #   nbconvert
    #   nbformat
transformers==5.5.4
    # via animal-id (pyproject.toml)
triton==3.6.0
    # via torch
typer==0.24.1
    # via
    #   huggingface-hub
    #   transformers
typing-extensions==4.15.0
    # via
    #   anyio
    #   beautifulsoup4
    #   huggingface-hub
    #   pydantic
    #   pydantic-core
    #   referencing
    #   torch
    #   typing-inspection
    #   wandb
typing-inspection==0.4.2
    # via pydantic
tzdata==2026.1
    # via arrow
ultralytics==8.4.38
    # via animal-id (pyproject.toml)
ultralytics-thop==2.0.18
    # via ultralytics
uri-template==1.3.0
    # via jsonschema
urllib3==2.6.3
    # via
    #   requests
    #   sentry-sdk
virtualenv==21.2.4
    # via pre-commit
wandb==0.26.0
    # via animal-id (pyproject.toml)
wcwidth==0.6.0
    # via prompt-toolkit
webcolors==25.10.0
    # via jsonschema
webencodings==0.5.1
    # via
    #   bleach
    #   tinycss2
websocket-client==1.9.0
    # via jupyter-server
widgetsnbextension==4.0.15
    # via ipywidgets
